
Microsoft Visual Studio Solution File, Format Version 12.00
# Visual Studio 15
VisualStudioVersion = 15.0.27130.2026
MinimumVisualStudioVersion = 10.0.40219.1
Project("{2150E333-8FDC-42A3-9474-1A3956D46DE8}") = "Application", "Application", "{75FC2AAF-385B-43E7-8F59-F1BFB3B1C6D7}"
EndProject
Project("{2150E333-8FDC-42A3-9474-1A3956D46DE8}") = "Domain", "Domain", "{98F11593-6477-4C8D-BB8B-F6198174B4C3}"
EndProject
Project("{2150E333-8FDC-42A3-9474-1A3956D46DE8}") = "Infra.IoC", "Infra.IoC", "{662E3BEA-2842-4BCA-B7B3-BB5B1AA32802}"
EndProject
Project("{2150E333-8FDC-42A3-9474-1A3956D46DE8}") = "Infra.Data", "Infra.Data", "{1172212D-6641-4BD2-BC89-BC6F7C216B94}"
EndProject
Project("{2150E333-8FDC-42A3-9474-1A3956D46DE8}") = "Presentation", "Presentation", "{92ED2148-8563-4AFC-AD39-4E6782E45E96}"
EndProject
Project("{9A19103F-16F7-4668-BE54-9A1E7A4F7556}") = "CleanArch.Mvc", "CleanArch.Mvc\CleanArch.Mvc.csproj", "{1BEDA501-F96A-48FB-9030-395507B3B12B}"
EndProject
Project("{9A19103F-16F7-4668-BE54-9A1E7A4F7556}") = "CleanArch.Domain", "CleanArch.Domain\CleanArch.Domain.csproj", "{1633C396-E5C3-45B1-81BD-BA96206FA120}"
EndProject
Project("{9A19103F-16F7-4668-BE54-9A1E7A4F7556}") = "CleanArth.Infra.Data", "CleanAuth.Infra.Data\CleanArth.Infra.Data.csproj", "{99F621A1-FDC5-4B97-B030-2B2BCA9691D1}"
EndProject
Project("{9A19103F-16F7-4668-BE54-9A1E7A4F7556}") = "CleanArch.Application", "CleanArch.Application\CleanArch.Application.csproj", "{B9AF7A62-2EC2-4C0A-9271-E882C9F8ECB2}"
EndProject
Project("{FAE04EC0-301F-11D3-BF4B-00C04F79EFBC}") = "CleanArch.Infra.IoC", "CleanArch.Infra.IoC\CleanArch.Infra.IoC.csproj", "{72F5BD1C-2E75-48CA-A9CB-F147B92819F0}"
EndProject
Global
	GlobalSection(SolutionConfigurationPlatforms) = preSolution
		Debug|Any CPU = Debug|Any CPU
		Release|Any CPU = Release|Any CPU
	EndGlobalSection
	GlobalSection(ProjectConfigurationPlatforms) = postSolution
		{1BEDA501-F96A-48FB-9030-395507B3B12B}.Debug|Any CPU.ActiveCfg = Debug|Any CPU
		{1BEDA501-F96A-48FB-9030-395507B3B12B}.Debug|Any CPU.Build.0 = Debug|Any CPU
		{1BEDA501-F96A-48FB-9030-395507B3B12B}.Release|Any CPU.ActiveCfg = Release|Any CPU
		{1BEDA501-F96A-48FB-9030-395507B3B12B}.Release|Any CPU.Build.0 = Release|Any CPU
		{1633C396-E5C3-45B1-81BD-BA96206FA120}.Debug|Any CPU.ActiveCfg = Debug|Any CPU
		{1633C396-E5C3-45B1-81BD-BA96206FA120}.Debug|Any CPU.Build.0 = Debug|Any CPU
		{1633C396-E5C3-45B1-81BD-BA96206FA120}.Release|Any CPU.ActiveCfg = Release|Any CPU
		{1633C396-E5C3-45B1-81BD-BA96206FA120}.Release|Any CPU.Build.0 = Release|Any CPU
		{99F621A1-FDC5-4B97-B030-2B2BCA9691D1}.Debug|Any CPU.ActiveCfg = Debug|Any CPU
		{99F621A1-FDC5-4B97-B030-2B2BCA9691D1}.Debug|Any CPU.Build.0 = Debug|Any CPU
		{99F621A1-FDC5-4B97-B030-2B2BCA9691D1}.Release|Any CPU.ActiveCfg = Release|Any CPU
		{99F621A1-FDC5-4B97-B030-2B2BCA9691D1}.Release|Any CPU.Build.0 = Release|Any CPU
		{B9AF7A62-2EC2-4C0A-9271-E882C9F8ECB2}.Debug|Any CPU.ActiveCfg = Debug|Any CPU
		{B9AF7A62-2EC2-4C0A-9271-E882C9F8ECB2}.Debug|Any CPU.Build.0 = Debug|Any CPU
		{B9AF7A62-2EC2-4C0A-9271-E882C9F8ECB2}.Release|Any CPU.ActiveCfg = Release|Any CPU
		{B9AF7A62-2EC2-4C0A-9271-E882C9F8ECB2}.Release|Any CPU.Build.0 = Release|Any CPU
		{72F5BD1C-2E75-48CA-A9CB-F147B92819F0}.Debug|Any CPU.ActiveCfg = Debug|Any CPU
		{72F5BD1C-2E75-48CA-A9CB-F147B92819F0}.Debug|Any CPU.Build.0 = Debug|Any CPU
		{72F5BD1C-2E75-48CA-A9CB-F147B92819F0}.Release|Any CPU.ActiveCfg = Release|Any CPU
		{72F5BD1C-2E75-48CA-A9CB-F147B92819F0}.Release|Any CPU.Build.0 = Release|Any CPU
	EndGlobalSection
	GlobalSection(SolutionProperties) = preSolution
		HideSolutionNode = FALSE
	EndGlobalSection
	GlobalSection(NestedProjects) = preSolution
		{1BEDA501-F96A-48FB-9030-395507B3B12B} = {92ED2148-8563-4AFC-AD39-4E6782E45E96}
		{1633C396-E5C3-45B1-81BD-BA96206FA120} = {98F11593-6477-4C8D-BB8B-F6198174B4C3}
		{99F621A1-FDC5-4B97-B030-2B2BCA9691D1} = {1172212D-6641-4BD2-BC89-BC6F7C216B94}
		{B9AF7A62-2EC2-4C0A-9271-E882C9F8ECB2} = {75FC2AAF-385B-43E7-8F59-F1BFB3B1C6D7}
		{72F5BD1C-2E75-48CA-A9CB-F147B92819F0} = {662E3BEA-2842-4BCA-B7B3-BB5B1AA32802}
	EndGlobalSection
	GlobalSection(ExtensibilityGlobals) = postSolution
		SolutionGuid = {4FB18D58-0219-424D-B5C1-E4CF81C984BE}
	EndGlobalSection
EndGlobal
